
Microsoft Visual Studio Solution File, Format Version 12.00
# Visual Studio Version 17
VisualStudioVersion = 17.14.36301.6
MinimumVisualStudioVersion = 10.0.40219.1
Project("{FAE04EC0-301F-11D3-BF4B-00C04F79EFBC}") = "KATSEFET", "KATSEFET\KATSEFET.csproj", "{675721C0-7B01-4A32-9919-D41E8E1D6F2D}"
EndProject
Global
	GlobalSection(SolutionConfigurationPlatforms) = preSolution
		Debug|Any CPU = Debug|Any CPU
		Release|Any CPU = Release|Any CPU
	EndGlobalSection
	GlobalSection(ProjectConfigurationPlatforms) = postSolution
		{675721C0-7B01-4A32-9919-D41E8E1D6F2D}.Debug|Any CPU.ActiveCfg = Debug|Any CPU
		{675721C0-7B01-4A32-9919-D41E8E1D6F2D}.Debug|Any CPU.Build.0 = Debug|Any CPU
		{675721C0-7B01-4A32-9919-D41E8E1D6F2D}.Release|Any CPU.ActiveCfg = Release|Any CPU
		{675721C0-7B01-4A32-9919-D41E8E1D6F2D}.Release|Any CPU.Build.0 = Release|Any CPU
	EndGlobalSection
	GlobalSection(SolutionProperties) = preSolution
		HideSolutionNode = FALSE
	EndGlobalSection
	GlobalSection(ExtensibilityGlobals) = postSolution
		SolutionGuid = {FFF2786F-8A9B-4DB0-9786-967856F59973}
	EndGlobalSection
EndGlobal
